
Microsoft Visual Studio Solution File, Format Version 12.00
# Visual Studio Version 16
VisualStudioVersion = 16.0.30114.105
MinimumVisualStudioVersion = 10.0.40219.1
Project("{2150E333-8FDC-42A3-9474-1A3956D46DE8}") = "Common", "Common", "{9480A7F6-9DBA-4ECE-9E67-BDC1282A567E}"
EndProject
Project("{9A19103F-16F7-4668-BE54-9A1E7A4F7556}") = "WeatherAcquisition.Domain", "Common\WeatherAcquisition.Domain\WeatherAcquisition.Domain.csproj", "{1465296C-E0DE-4381-ADCD-76BE078C5611}"
EndProject
Project("{9A19103F-16F7-4668-BE54-9A1E7A4F7556}") = "WeatherAcquisition.Domain.Base", "Common\WeatherAcquisition.Domain.Base\WeatherAcquisition.Domain.Base.csproj", "{5CE3784A-DBAB-45E8-933F-8A7C5C74E1F1}"
EndProject
Project("{2150E333-8FDC-42A3-9474-1A3956D46DE8}") = "Data", "Data", "{DDBE2437-67ED-4DC3-9C9E-B36399234320}"
EndProject
Project("{9A19103F-16F7-4668-BE54-9A1E7A4F7556}") = "WeatherAcquisition.DAL", "Data\WeatherAcquisition.DAL\WeatherAcquisition.DAL.csproj", "{8876979D-43D1-4B7D-94B0-EBCE6BA3E267}"
EndProject
Project("{9A19103F-16F7-4668-BE54-9A1E7A4F7556}") = "WeatherAcquisition.DAL.SqlServer", "Data\WeatherAcquisition.DAL.SqlServer\WeatherAcquisition.DAL.SqlServer.csproj", "{9FAD3074-20FC-4146-A96A-33BA59243C4D}"
EndProject
Project("{2150E333-8FDC-42A3-9474-1A3956D46DE8}") = "Services", "Services", "{F616C123-8475-49E3-8841-E4BE7226FF2A}"
EndProject
Project("{2150E333-8FDC-42A3-9474-1A3956D46DE8}") = "UI", "UI", "{ED4434E5-6CCE-4995-8AD7-EE8E85EC7029}"
EndProject
Project("{9A19103F-16F7-4668-BE54-9A1E7A4F7556}") = "WeatherAcquisition.API", "Services\WeatherAcquisition.API\WeatherAcquisition.API.csproj", "{7566787B-2DCB-47A6-96E3-4FBA3D30C3F4}"
EndProject
Project("{9A19103F-16F7-4668-BE54-9A1E7A4F7556}") = "WeatherAcquisition.Interfaces", "Services\WeatherAcquisition.Interfaces\WeatherAcquisition.Interfaces.csproj", "{899DD584-A7DE-4016-9F92-F84CE157CC0B}"
EndProject
Project("{9A19103F-16F7-4668-BE54-9A1E7A4F7556}") = "WeatherAcquisition.Interfaces.Base", "Services\WeatherAcquisition.Interfaces.Base\WeatherAcquisition.Interfaces.Base.csproj", "{363699C3-FA8F-42FE-980D-AD5E472E8FB8}"
EndProject
Project("{9A19103F-16F7-4668-BE54-9A1E7A4F7556}") = "WeatherAcquisition.WebAPIClients", "Services\WeatherAcquisition.WebAPIClients\WeatherAcquisition.WebAPIClients.csproj", "{CF6BCD9F-8106-4086-A5E6-0E2EBD885BFB}"
EndProject
Project("{9A19103F-16F7-4668-BE54-9A1E7A4F7556}") = "WeatherAcquisition.ConsoleUI", "UI\WeatherAcquisition.ConsoleUI\WeatherAcquisition.ConsoleUI.csproj", "{855D7078-38EB-4E50-8E36-30B9E3320391}"
EndProject
Project("{9A19103F-16F7-4668-BE54-9A1E7A4F7556}") = "WeatherAcquisition.WPF", "UI\WeatherAcquisition.WPF\WeatherAcquisition.WPF.csproj", "{B310B398-4DB6-4C23-9573-7998E6569BEE}"
EndProject
Project("{FAE04EC0-301F-11D3-BF4B-00C04F79EFBC}") = "WeatherAcquisition.BlazorUI", "UI\WeatherAcquisition.BlazorUI\WeatherAcquisition.BlazorUI.csproj", "{D0A85825-A960-44A2-8EA3-83544EFC74EA}"
EndProject
Global
	GlobalSection(SolutionConfigurationPlatforms) = preSolution
		Debug|Any CPU = Debug|Any CPU
		Debug|x64 = Debug|x64
		Debug|x86 = Debug|x86
		Release|Any CPU = Release|Any CPU
		Release|x64 = Release|x64
		Release|x86 = Release|x86
	EndGlobalSection
	GlobalSection(ProjectConfigurationPlatforms) = postSolution
		{1465296C-E0DE-4381-ADCD-76BE078C5611}.Debug|Any CPU.ActiveCfg = Debug|Any CPU
		{1465296C-E0DE-4381-ADCD-76BE078C5611}.Debug|Any CPU.Build.0 = Debug|Any CPU
		{1465296C-E0DE-4381-ADCD-76BE078C5611}.Debug|x64.ActiveCfg = Debug|Any CPU
		{1465296C-E0DE-4381-ADCD-76BE078C5611}.Debug|x64.Build.0 = Debug|Any CPU
		{1465296C-E0DE-4381-ADCD-76BE078C5611}.Debug|x86.ActiveCfg = Debug|Any CPU
		{1465296C-E0DE-4381-ADCD-76BE078C5611}.Debug|x86.Build.0 = Debug|Any CPU
		{1465296C-E0DE-4381-ADCD-76BE078C5611}.Release|Any CPU.ActiveCfg = Release|Any CPU
		{1465296C-E0DE-4381-ADCD-76BE078C5611}.Release|Any CPU.Build.0 = Release|Any CPU
		{1465296C-E0DE-4381-ADCD-76BE078C5611}.Release|x64.ActiveCfg = Release|Any CPU
		{1465296C-E0DE-4381-ADCD-76BE078C5611}.Release|x64.Build.0 = Release|Any CPU
		{1465296C-E0DE-4381-ADCD-76BE078C5611}.Release|x86.ActiveCfg = Release|Any CPU
		{1465296C-E0DE-4381-ADCD-76BE078C5611}.Release|x86.Build.0 = Release|Any CPU
		{5CE3784A-DBAB-45E8-933F-8A7C5C74E1F1}.Debug|Any CPU.ActiveCfg = Debug|Any CPU
		{5CE3784A-DBAB-45E8-933F-8A7C5C74E1F1}.Debug|Any CPU.Build.0 = Debug|Any CPU
		{5CE3784A-DBAB-45E8-933F-8A7C5C74E1F1}.Debug|x64.ActiveCfg = Debug|Any CPU
		{5CE3784A-DBAB-45E8-933F-8A7C5C74E1F1}.Debug|x64.Build.0 = Debug|Any CPU
		{5CE3784A-DBAB-45E8-933F-8A7C5C74E1F1}.Debug|x86.ActiveCfg = Debug|Any CPU
		{5CE3784A-DBAB-45E8-933F-8A7C5C74E1F1}.Debug|x86.Build.0 = Debug|Any CPU
		{5CE3784A-DBAB-45E8-933F-8A7C5C74E1F1}.Release|Any CPU.ActiveCfg = Release|Any CPU
		{5CE3784A-DBAB-45E8-933F-8A7C5C74E1F1}.Release|Any CPU.Build.0 = Release|Any CPU
		{5CE3784A-DBAB-45E8-933F-8A7C5C74E1F1}.Release|x64.ActiveCfg = Release|Any CPU
		{5CE3784A-DBAB-45E8-933F-8A7C5C74E1F1}.Release|x64.Build.0 = Release|Any CPU
		{5CE3784A-DBAB-45E8-933F-8A7C5C74E1F1}.Release|x86.ActiveCfg = Release|Any CPU
		{5CE3784A-DBAB-45E8-933F-8A7C5C74E1F1}.Release|x86.Build.0 = Release|Any CPU
		{8876979D-43D1-4B7D-94B0-EBCE6BA3E267}.Debug|Any CPU.ActiveCfg = Debug|Any CPU
		{8876979D-43D1-4B7D-94B0-EBCE6BA3E267}.Debug|Any CPU.Build.0 = Debug|Any CPU
		{8876979D-43D1-4B7D-94B0-EBCE6BA3E267}.Debug|x64.ActiveCfg = Debug|Any CPU
		{8876979D-43D1-4B7D-94B0-EBCE6BA3E267}.Debug|x64.Build.0 = Debug|Any CPU
		{8876979D-43D1-4B7D-94B0-EBCE6BA3E267}.Debug|x86.ActiveCfg = Debug|Any CPU
		{8876979D-43D1-4B7D-94B0-EBCE6BA3E267}.Debug|x86.Build.0 = Debug|Any CPU
		{8876979D-43D1-4B7D-94B0-EBCE6BA3E267}.Release|Any CPU.ActiveCfg = Release|Any CPU
		{8876979D-43D1-4B7D-94B0-EBCE6BA3E267}.Release|Any CPU.Build.0 = Release|Any CPU
		{8876979D-43D1-4B7D-94B0-EBCE6BA3E267}.Release|x64.ActiveCfg = Release|Any CPU
		{8876979D-43D1-4B7D-94B0-EBCE6BA3E267}.Release|x64.Build.0 = Release|Any CPU
		{8876979D-43D1-4B7D-94B0-EBCE6BA3E267}.Release|x86.ActiveCfg = Release|Any CPU
		{8876979D-43D1-4B7D-94B0-EBCE6BA3E267}.Release|x86.Build.0 = Release|Any CPU
		{9FAD3074-20FC-4146-A96A-33BA59243C4D}.Debug|Any CPU.ActiveCfg = Debug|Any CPU
		{9FAD3074-20FC-4146-A96A-33BA59243C4D}.Debug|Any CPU.Build.0 = Debug|Any CPU
		{9FAD3074-20FC-4146-A96A-33BA59243C4D}.Debug|x64.ActiveCfg = Debug|Any CPU
		{9FAD3074-20FC-4146-A96A-33BA59243C4D}.Debug|x64.Build.0 = Debug|Any CPU
		{9FAD3074-20FC-4146-A96A-33BA59243C4D}.Debug|x86.ActiveCfg = Debug|Any CPU
		{9FAD3074-20FC-4146-A96A-33BA59243C4D}.Debug|x86.Build.0 = Debug|Any CPU
		{9FAD3074-20FC-4146-A96A-33BA59243C4D}.Release|Any CPU.ActiveCfg = Release|Any CPU
		{9FAD3074-20FC-4146-A96A-33BA59243C4D}.Release|Any CPU.Build.0 = Release|Any CPU
		{9FAD3074-20FC-4146-A96A-33BA59243C4D}.Release|x64.ActiveCfg = Release|Any CPU
		{9FAD3074-20FC-4146-A96A-33BA59243C4D}.Release|x64.Build.0 = Release|Any CPU
		{9FAD3074-20FC-4146-A96A-33BA59243C4D}.Release|x86.ActiveCfg = Release|Any CPU
		{9FAD3074-20FC-4146-A96A-33BA59243C4D}.Release|x86.Build.0 = Release|Any CPU
		{7566787B-2DCB-47A6-96E3-4FBA3D30C3F4}.Debug|Any CPU.ActiveCfg = Debug|Any CPU
		{7566787B-2DCB-47A6-96E3-4FBA3D30C3F4}.Debug|Any CPU.Build.0 = Debug|Any CPU
		{7566787B-2DCB-47A6-96E3-4FBA3D30C3F4}.Debug|x64.ActiveCfg = Debug|Any CPU
		{7566787B-2DCB-47A6-96E3-4FBA3D30C3F4}.Debug|x64.Build.0 = Debug|Any CPU
		{7566787B-2DCB-47A6-96E3-4FBA3D30C3F4}.Debug|x86.ActiveCfg = Debug|Any CPU
		{7566787B-2DCB-47A6-96E3-4FBA3D30C3F4}.Debug|x86.Build.0 = Debug|Any CPU
		{7566787B-2DCB-47A6-96E3-4FBA3D30C3F4}.Release|Any CPU.ActiveCfg = Release|Any CPU
		{7566787B-2DCB-47A6-96E3-4FBA3D30C3F4}.Release|Any CPU.Build.0 = Release|Any CPU
		{7566787B-2DCB-47A6-96E3-4FBA3D30C3F4}.Release|x64.ActiveCfg = Release|Any CPU
		{7566787B-2DCB-47A6-96E3-4FBA3D30C3F4}.Release|x64.Build.0 = Release|Any CPU
		{7566787B-2DCB-47A6-96E3-4FBA3D30C3F4}.Release|x86.ActiveCfg = Release|Any CPU
		{7566787B-2DCB-47A6-96E3-4FBA3D30C3F4}.Release|x86.Build.0 = Release|Any CPU
		{899DD584-A7DE-4016-9F92-F84CE157CC0B}.Debug|Any CPU.ActiveCfg = Debug|Any CPU
		{899DD584-A7DE-4016-9F92-F84CE157CC0B}.Debug|Any CPU.Build.0 = Debug|Any CPU
		{899DD584-A7DE-4016-9F92-F84CE157CC0B}.Debug|x64.ActiveCfg = Debug|Any CPU
		{899DD584-A7DE-4016-9F92-F84CE157CC0B}.Debug|x64.Build.0 = Debug|Any CPU
		{899DD584-A7DE-4016-9F92-F84CE157CC0B}.Debug|x86.ActiveCfg = Debug|Any CPU
		{899DD584-A7DE-4016-9F92-F84CE157CC0B}.Debug|x86.Build.0 = Debug|Any CPU
		{899DD584-A7DE-4016-9F92-F84CE157CC0B}.Release|Any CPU.ActiveCfg = Release|Any CPU
		{899DD584-A7DE-4016-9F92-F84CE157CC0B}.Release|Any CPU.Build.0 = Release|Any CPU
		{899DD584-A7DE-4016-9F92-F84CE157CC0B}.Release|x64.ActiveCfg = Release|Any CPU
		{899DD584-A7DE-4016-9F92-F84CE157CC0B}.Release|x64.Build.0 = Release|Any CPU
		{899DD584-A7DE-4016-9F92-F84CE157CC0B}.Release|x86.ActiveCfg = Release|Any CPU
		{899DD584-A7DE-4016-9F92-F84CE157CC0B}.Release|x86.Build.0 = Release|Any CPU
		{363699C3-FA8F-42FE-980D-AD5E472E8FB8}.Debug|Any CPU.ActiveCfg = Debug|Any CPU
		{363699C3-FA8F-42FE-980D-AD5E472E8FB8}.Debug|Any CPU.Build.0 = Debug|Any CPU
		{363699C3-FA8F-42FE-980D-AD5E472E8FB8}.Debug|x64.ActiveCfg = Debug|Any CPU
		{363699C3-FA8F-42FE-980D-AD5E472E8FB8}.Debug|x64.Build.0 = Debug|Any CPU
		{363699C3-FA8F-42FE-980D-AD5E472E8FB8}.Debug|x86.ActiveCfg = Debug|Any CPU
		{363699C3-FA8F-42FE-980D-AD5E472E8FB8}.Debug|x86.Build.0 = Debug|Any CPU
		{363699C3-FA8F-42FE-980D-AD5E472E8FB8}.Release|Any CPU.ActiveCfg = Release|Any CPU
		{363699C3-FA8F-42FE-980D-AD5E472E8FB8}.Release|Any CPU.Build.0 = Release|Any CPU
		{363699C3-FA8F-42FE-980D-AD5E472E8FB8}.Release|x64.ActiveCfg = Release|Any CPU
		{363699C3-FA8F-42FE-980D-AD5E472E8FB8}.Release|x64.Build.0 = Release|Any CPU
		{363699C3-FA8F-42FE-980D-AD5E472E8FB8}.Release|x86.ActiveCfg = Release|Any CPU
		{363699C3-FA8F-42FE-980D-AD5E472E8FB8}.Release|x86.Build.0 = Release|Any CPU
		{CF6BCD9F-8106-4086-A5E6-0E2EBD885BFB}.Debug|Any CPU.ActiveCfg = Debug|Any CPU
		{CF6BCD9F-8106-4086-A5E6-0E2EBD885BFB}.Debug|Any CPU.Build.0 = Debug|Any CPU
		{CF6BCD9F-8106-4086-A5E6-0E2EBD885BFB}.Debug|x64.ActiveCfg = Debug|Any CPU
		{CF6BCD9F-8106-4086-A5E6-0E2EBD885BFB}.Debug|x64.Build.0 = Debug|Any CPU
		{CF6BCD9F-8106-4086-A5E6-0E2EBD885BFB}.Debug|x86.ActiveCfg = Debug|Any CPU
		{CF6BCD9F-8106-4086-A5E6-0E2EBD885BFB}.Debug|x86.Build.0 = Debug|Any CPU
		{CF6BCD9F-8106-4086-A5E6-0E2EBD885BFB}.Release|Any CPU.ActiveCfg = Release|Any CPU
		{CF6BCD9F-8106-4086-A5E6-0E2EBD885BFB}.Release|Any CPU.Build.0 = Release|Any CPU
		{CF6BCD9F-8106-4086-A5E6-0E2EBD885BFB}.Release|x64.ActiveCfg = Release|Any CPU
		{CF6BCD9F-8106-4086-A5E6-0E2EBD885BFB}.Release|x64.Build.0 = Release|Any CPU
		{CF6BCD9F-8106-4086-A5E6-0E2EBD885BFB}.Release|x86.ActiveCfg = Release|Any CPU
		{CF6BCD9F-8106-4086-A5E6-0E2EBD885BFB}.Release|x86.Build.0 = Release|Any CPU
		{855D7078-38EB-4E50-8E36-30B9E3320391}.Debug|Any CPU.ActiveCfg = Debug|Any CPU
		{855D7078-38EB-4E50-8E36-30B9E3320391}.Debug|Any CPU.Build.0 = Debug|Any CPU
		{855D7078-38EB-4E50-8E36-30B9E3320391}.Debug|x64.ActiveCfg = Debug|Any CPU
		{855D7078-38EB-4E50-8E36-30B9E3320391}.Debug|x64.Build.0 = Debug|Any CPU
		{855D7078-38EB-4E50-8E36-30B9E3320391}.Debug|x86.ActiveCfg = Debug|Any CPU
		{855D7078-38EB-4E50-8E36-30B9E3320391}.Debug|x86.Build.0 = Debug|Any CPU
		{855D7078-38EB-4E50-8E36-30B9E3320391}.Release|Any CPU.ActiveCfg = Release|Any CPU
		{855D7078-38EB-4E50-8E36-30B9E3320391}.Release|Any CPU.Build.0 = Release|Any CPU
		{855D7078-38EB-4E50-8E36-30B9E3320391}.Release|x64.ActiveCfg = Release|Any CPU
		{855D7078-38EB-4E50-8E36-30B9E3320391}.Release|x64.Build.0 = Release|Any CPU
		{855D7078-38EB-4E50-8E36-30B9E3320391}.Release|x86.ActiveCfg = Release|Any CPU
		{855D7078-38EB-4E50-8E36-30B9E3320391}.Release|x86.Build.0 = Release|Any CPU
		{B310B398-4DB6-4C23-9573-7998E6569BEE}.Debug|Any CPU.ActiveCfg = Debug|Any CPU
		{B310B398-4DB6-4C23-9573-7998E6569BEE}.Debug|Any CPU.Build.0 = Debug|Any CPU
		{B310B398-4DB6-4C23-9573-7998E6569BEE}.Debug|x64.ActiveCfg = Debug|Any CPU
		{B310B398-4DB6-4C23-9573-7998E6569BEE}.Debug|x64.Build.0 = Debug|Any CPU
		{B310B398-4DB6-4C23-9573-7998E6569BEE}.Debug|x86.ActiveCfg = Debug|Any CPU
		{B310B398-4DB6-4C23-9573-7998E6569BEE}.Debug|x86.Build.0 = Debug|Any CPU
		{B310B398-4DB6-4C23-9573-7998E6569BEE}.Release|Any CPU.ActiveCfg = Release|Any CPU
		{B310B398-4DB6-4C23-9573-7998E6569BEE}.Release|Any CPU.Build.0 = Release|Any CPU
		{B310B398-4DB6-4C23-9573-7998E6569BEE}.Release|x64.ActiveCfg = Release|Any CPU
		{B310B398-4DB6-4C23-9573-7998E6569BEE}.Release|x64.Build.0 = Release|Any CPU
		{B310B398-4DB6-4C23-9573-7998E6569BEE}.Release|x86.ActiveCfg = Release|Any CPU
		{B310B398-4DB6-4C23-9573-7998E6569BEE}.Release|x86.Build.0 = Release|Any CPU
		{D0A85825-A960-44A2-8EA3-83544EFC74EA}.Debug|Any CPU.ActiveCfg = Debug|Any CPU
		{D0A85825-A960-44A2-8EA3-83544EFC74EA}.Debug|Any CPU.Build.0 = Debug|Any CPU
		{D0A85825-A960-44A2-8EA3-83544EFC74EA}.Debug|x64.ActiveCfg = Debug|Any CPU
		{D0A85825-A960-44A2-8EA3-83544EFC74EA}.Debug|x64.Build.0 = Debug|Any CPU
		{D0A85825-A960-44A2-8EA3-83544EFC74EA}.Debug|x86.ActiveCfg = Debug|Any CPU
		{D0A85825-A960-44A2-8EA3-83544EFC74EA}.Debug|x86.Build.0 = Debug|Any CPU
		{D0A85825-A960-44A2-8EA3-83544EFC74EA}.Release|Any CPU.ActiveCfg = Release|Any CPU
		{D0A85825-A960-44A2-8EA3-83544EFC74EA}.Release|Any CPU.Build.0 = Release|Any CPU
		{D0A85825-A960-44A2-8EA3-83544EFC74EA}.Release|x64.ActiveCfg = Release|Any CPU
		{D0A85825-A960-44A2-8EA3-83544EFC74EA}.Release|x64.Build.0 = Release|Any CPU
		{D0A85825-A960-44A2-8EA3-83544EFC74EA}.Release|x86.ActiveCfg = Release|Any CPU
		{D0A85825-A960-44A2-8EA3-83544EFC74EA}.Release|x86.Build.0 = Release|Any CPU
	EndGlobalSection
	GlobalSection(SolutionProperties) = preSolution
		HideSolutionNode = FALSE
	EndGlobalSection
	GlobalSection(NestedProjects) = preSolution
		{1465296C-E0DE-4381-ADCD-76BE078C5611} = {9480A7F6-9DBA-4ECE-9E67-BDC1282A567E}
		{5CE3784A-DBAB-45E8-933F-8A7C5C74E1F1} = {9480A7F6-9DBA-4ECE-9E67-BDC1282A567E}
		{8876979D-43D1-4B7D-94B0-EBCE6BA3E267} = {DDBE2437-67ED-4DC3-9C9E-B36399234320}
		{9FAD3074-20FC-4146-A96A-33BA59243C4D} = {DDBE2437-67ED-4DC3-9C9E-B36399234320}
		{7566787B-2DCB-47A6-96E3-4FBA3D30C3F4} = {F616C123-8475-49E3-8841-E4BE7226FF2A}
		{899DD584-A7DE-4016-9F92-F84CE157CC0B} = {F616C123-8475-49E3-8841-E4BE7226FF2A}
		{363699C3-FA8F-42FE-980D-AD5E472E8FB8} = {F616C123-8475-49E3-8841-E4BE7226FF2A}
		{CF6BCD9F-8106-4086-A5E6-0E2EBD885BFB} = {F616C123-8475-49E3-8841-E4BE7226FF2A}
		{855D7078-38EB-4E50-8E36-30B9E3320391} = {ED4434E5-6CCE-4995-8AD7-EE8E85EC7029}
		{B310B398-4DB6-4C23-9573-7998E6569BEE} = {ED4434E5-6CCE-4995-8AD7-EE8E85EC7029}
		{D0A85825-A960-44A2-8EA3-83544EFC74EA} = {ED4434E5-6CCE-4995-8AD7-EE8E85EC7029}
	EndGlobalSection
	GlobalSection(ExtensibilityGlobals) = postSolution
		SolutionGuid = {AF8B5411-099E-4F6E-8329-DC502786275A}
	EndGlobalSection
EndGlobal
